
Microsoft Visual Studio Solution File, Format Version 12.00
Project("{FAE04EC0-301F-11D3-BF4B-00C04F79EFBC}") = "YodekSDK", "YodekSDK\YodekSDK.csproj", "{C582F2B1-97FB-4095-AE9A-C43185E17FF2}"
EndProject
Global
	GlobalSection(SolutionConfigurationPlatforms) = preSolution
		Debug|Any CPU = Debug|Any CPU
		Release|Any CPU = Release|Any CPU
	EndGlobalSection
	GlobalSection(ProjectConfigurationPlatforms) = postSolution
		{C582F2B1-97FB-4095-AE9A-C43185E17FF2}.Debug|Any CPU.ActiveCfg = Debug|Any CPU
		{C582F2B1-97FB-4095-AE9A-C43185E17FF2}.Debug|Any CPU.Build.0 = Debug|Any CPU
		{C582F2B1-97FB-4095-AE9A-C43185E17FF2}.Release|Any CPU.ActiveCfg = Release|Any CPU
		{C582F2B1-97FB-4095-AE9A-C43185E17FF2}.Release|Any CPU.Build.0 = Release|Any CPU
	EndGlobalSection
EndGlobal
